
Microsoft Visual Studio Solution File, Format Version 12.00
# Visual Studio Version 17
VisualStudioVersion = 17.7.34031.279
MinimumVisualStudioVersion = 10.0.40219.1
Project("{FAE04EC0-301F-11D3-BF4B-00C04F79EFBC}") = "FINALPROJECT", "FINALPROJECT\FINALPROJECT.csproj", "{A261855F-3C54-4A16-8F14-24C5CFC9A21D}"
EndProject
Global
	GlobalSection(SolutionConfigurationPlatforms) = preSolution
		Debug|Any CPU = Debug|Any CPU
		Release|Any CPU = Release|Any CPU
	EndGlobalSection
	GlobalSection(ProjectConfigurationPlatforms) = postSolution
		{A261855F-3C54-4A16-8F14-24C5CFC9A21D}.Debug|Any CPU.ActiveCfg = Debug|Any CPU
		{A261855F-3C54-4A16-8F14-24C5CFC9A21D}.Debug|Any CPU.Build.0 = Debug|Any CPU
		{A261855F-3C54-4A16-8F14-24C5CFC9A21D}.Release|Any CPU.ActiveCfg = Release|Any CPU
		{A261855F-3C54-4A16-8F14-24C5CFC9A21D}.Release|Any CPU.Build.0 = Release|Any CPU
	EndGlobalSection
	GlobalSection(SolutionProperties) = preSolution
		HideSolutionNode = FALSE
	EndGlobalSection
	GlobalSection(ExtensibilityGlobals) = postSolution
		SolutionGuid = {D3F23DDF-39B0-4DEB-B10A-FC91B5781D86}
	EndGlobalSection
EndGlobal
